
Microsoft Visual Studio Solution File, Format Version 12.00
# Visual Studio Version 17
VisualStudioVersion = 17.7.34024.191
MinimumVisualStudioVersion = 10.0.40219.1
Project("{FAE04EC0-301F-11D3-BF4B-00C04F79EFBC}") = "Практика 222", "Практика 222\Практика 222.csproj", "{87FBAD7A-8B61-4F50-9D2F-17E59947B2DA}"
EndProject
Global
	GlobalSection(SolutionConfigurationPlatforms) = preSolution
		Debug|Any CPU = Debug|Any CPU
		Release|Any CPU = Release|Any CPU
	EndGlobalSection
	GlobalSection(ProjectConfigurationPlatforms) = postSolution
		{87FBAD7A-8B61-4F50-9D2F-17E59947B2DA}.Debug|Any CPU.ActiveCfg = Debug|Any CPU
		{87FBAD7A-8B61-4F50-9D2F-17E59947B2DA}.Debug|Any CPU.Build.0 = Debug|Any CPU
		{87FBAD7A-8B61-4F50-9D2F-17E59947B2DA}.Release|Any CPU.ActiveCfg = Release|Any CPU
		{87FBAD7A-8B61-4F50-9D2F-17E59947B2DA}.Release|Any CPU.Build.0 = Release|Any CPU
	EndGlobalSection
	GlobalSection(SolutionProperties) = preSolution
		HideSolutionNode = FALSE
	EndGlobalSection
	GlobalSection(ExtensibilityGlobals) = postSolution
		SolutionGuid = {FD2ED159-9AAC-4F99-A932-93C300C8443A}
	EndGlobalSection
EndGlobal
